
Microsoft Visual Studio Solution File, Format Version 12.00
# Visual Studio Version 17
VisualStudioVersion = 17.0.32126.317
MinimumVisualStudioVersion = 10.0.40219.1
Project("{FAE04EC0-301F-11D3-BF4B-00C04F79EFBC}") = "AutoClicker", "AutoClicker.csproj", "{F5A45721-F526-417D-8575-5334F8BF3225}"
EndProject
Global
	GlobalSection(SolutionConfigurationPlatforms) = preSolution
		Debug|Any CPU = Debug|Any CPU
		Release|Any CPU = Release|Any CPU
	EndGlobalSection
	GlobalSection(ProjectConfigurationPlatforms) = postSolution
		{F5A45721-F526-417D-8575-5334F8BF3225}.Debug|Any CPU.ActiveCfg = Debug|Any CPU
		{F5A45721-F526-417D-8575-5334F8BF3225}.Debug|Any CPU.Build.0 = Debug|Any CPU
		{F5A45721-F526-417D-8575-5334F8BF3225}.Release|Any CPU.ActiveCfg = Release|Any CPU
		{F5A45721-F526-417D-8575-5334F8BF3225}.Release|Any CPU.Build.0 = Release|Any CPU
	EndGlobalSection
	GlobalSection(SolutionProperties) = preSolution
		HideSolutionNode = FALSE
	EndGlobalSection
	GlobalSection(ExtensibilityGlobals) = postSolution
		SolutionGuid = {9B7E6F75-24D1-4259-9062-12F2B3792C83}
	EndGlobalSection
EndGlobal
